# THIS IS AN AUTOGENERATED FILE. DO NOT EDIT THIS FILE DIRECTLY.
# yarn lockfile v1


scrabble@^1.0.9:
  version "1.0.9"
  resolved "https://registry.yarnpkg.com/scrabble/-/scrabble-1.0.9.tgz#26ba82628e09315d4d0a8a4346279b7f2c4908e6"
  integrity sha512-yiFwBdtIe6Qd82bvNBd+XoiIjRs1S2pw/XKjdWkdOvE7ORU30heG/IF7GcuM7dEB7hM8yx2c6eNygfT1AL7X6A==
