# THIS IS AN AUTOGENERATED FILE. DO NOT EDIT THIS FILE DIRECTLY.
# yarn lockfile v1


"@nosweat/scrabble@^1.0.0":
  version "1.0.0"
  resolved "https://registry.yarnpkg.com/@nosweat/scrabble/-/scrabble-1.0.0.tgz#13887c1e855eb074d045671bc0fcff05a442d4e4"
  integrity sha512-s0jrlGwmQwSJ5QWTIH7PpAdxK7Pn/FwHaDUXbY5As7b+oYG0zclmD7AKyLVtmxJcqBnYyLQfvEYdqePf0FKgsg==
