# THIS IS AN AUTOGENERATED FILE. DO NOT EDIT THIS FILE DIRECTLY.
# yarn lockfile v1


"@nosweat/scrabble@^1.0.1":
  version "1.0.1"
  resolved "https://registry.yarnpkg.com/@nosweat/scrabble/-/scrabble-1.0.1.tgz#6a292ac89058d880b7b0060202210afc1d70c447"
  integrity sha512-Pnspa+jjUx+1OuSRZCH2EC2D7UOwMYV727aJSHT6k4My1wK1d4sAe8KAt32HzS6EnrU3NRNU3woQm5cK23Tw4w==
